
Microsoft Visual Studio Solution File, Format Version 12.00
# Visual Studio Version 17
VisualStudioVersion = 17.4.33205.214
MinimumVisualStudioVersion = 10.0.40219.1
Project("{FAE04EC0-301F-11D3-BF4B-00C04F79EFBC}") = "SalesSystem.Entity", "SalesSystem.Entity\SalesSystem.Entity.csproj", "{F4DAB33B-7770-488F-A4AC-D9E93B671152}"
EndProject
Project("{FAE04EC0-301F-11D3-BF4B-00C04F79EFBC}") = "SalesSystem.DAL", "SalesSystem.DAL\SalesSystem.DAL.csproj", "{CA7732EA-7C5F-435B-B80E-7F625E868829}"
EndProject
Project("{FAE04EC0-301F-11D3-BF4B-00C04F79EFBC}") = "SalesSystem.BLL", "SalesSystem.BLL\SalesSystem.BLL.csproj", "{A51CAC9F-0272-48F7-B38A-81869E241263}"
EndProject
Project("{FAE04EC0-301F-11D3-BF4B-00C04F79EFBC}") = "SalesSystem.IOC", "SalesSystem.IOC\SalesSystem.IOC.csproj", "{45B4452D-44B8-4864-BF5C-FD9048B8A630}"
EndProject
Project("{FAE04EC0-301F-11D3-BF4B-00C04F79EFBC}") = "SalesSystem.WebApplication", "SalesSystem.WebApplication\SalesSystem.WebApplication.csproj", "{3160134F-8174-4096-8D62-192C56FB7E41}"
EndProject
Global
	GlobalSection(SolutionConfigurationPlatforms) = preSolution
		Debug|Any CPU = Debug|Any CPU
		Release|Any CPU = Release|Any CPU
	EndGlobalSection
	GlobalSection(ProjectConfigurationPlatforms) = postSolution
		{F4DAB33B-7770-488F-A4AC-D9E93B671152}.Debug|Any CPU.ActiveCfg = Debug|Any CPU
		{F4DAB33B-7770-488F-A4AC-D9E93B671152}.Debug|Any CPU.Build.0 = Debug|Any CPU
		{F4DAB33B-7770-488F-A4AC-D9E93B671152}.Release|Any CPU.ActiveCfg = Release|Any CPU
		{F4DAB33B-7770-488F-A4AC-D9E93B671152}.Release|Any CPU.Build.0 = Release|Any CPU
		{CA7732EA-7C5F-435B-B80E-7F625E868829}.Debug|Any CPU.ActiveCfg = Debug|Any CPU
		{CA7732EA-7C5F-435B-B80E-7F625E868829}.Debug|Any CPU.Build.0 = Debug|Any CPU
		{CA7732EA-7C5F-435B-B80E-7F625E868829}.Release|Any CPU.ActiveCfg = Release|Any CPU
		{CA7732EA-7C5F-435B-B80E-7F625E868829}.Release|Any CPU.Build.0 = Release|Any CPU
		{A51CAC9F-0272-48F7-B38A-81869E241263}.Debug|Any CPU.ActiveCfg = Debug|Any CPU
		{A51CAC9F-0272-48F7-B38A-81869E241263}.Debug|Any CPU.Build.0 = Debug|Any CPU
		{A51CAC9F-0272-48F7-B38A-81869E241263}.Release|Any CPU.ActiveCfg = Release|Any CPU
		{A51CAC9F-0272-48F7-B38A-81869E241263}.Release|Any CPU.Build.0 = Release|Any CPU
		{45B4452D-44B8-4864-BF5C-FD9048B8A630}.Debug|Any CPU.ActiveCfg = Debug|Any CPU
		{45B4452D-44B8-4864-BF5C-FD9048B8A630}.Debug|Any CPU.Build.0 = Debug|Any CPU
		{45B4452D-44B8-4864-BF5C-FD9048B8A630}.Release|Any CPU.ActiveCfg = Release|Any CPU
		{45B4452D-44B8-4864-BF5C-FD9048B8A630}.Release|Any CPU.Build.0 = Release|Any CPU
		{3160134F-8174-4096-8D62-192C56FB7E41}.Debug|Any CPU.ActiveCfg = Debug|Any CPU
		{3160134F-8174-4096-8D62-192C56FB7E41}.Debug|Any CPU.Build.0 = Debug|Any CPU
		{3160134F-8174-4096-8D62-192C56FB7E41}.Release|Any CPU.ActiveCfg = Release|Any CPU
		{3160134F-8174-4096-8D62-192C56FB7E41}.Release|Any CPU.Build.0 = Release|Any CPU
	EndGlobalSection
	GlobalSection(SolutionProperties) = preSolution
		HideSolutionNode = FALSE
	EndGlobalSection
	GlobalSection(ExtensibilityGlobals) = postSolution
		SolutionGuid = {3C0E6D0B-F71B-430C-B1FE-970E0D19F422}
	EndGlobalSection
EndGlobal
